<?xml version="1.0" encoding="utf-8"?>
<Project ToolsVersion="4.0" xmlns="http://schemas.microsoft.com/developer/msbuild/2003">
  <ItemGroup>
    <Filter Include="소스 파일">
      <UniqueIdentifier>{4FC737F1-C7A5-4376-A066-2A32D752A2FF}</UniqueIdentifier>
      <Extensions>cpp;c;cc;cxx;def;odl;idl;hpj;bat;asm;asmx</Extensions>
    </Filter>
    <Filter Include="헤더 파일">
      <UniqueIdentifier>{93995380-89BD-4b04-88EB-625FBE52EBFB}</UniqueIdentifier>
      <Extensions>h;hh;hpp;hxx;hm;inl;inc;ipp;xsd</Extensions>
    </Filter>
    <Filter Include="2DFramework">
      <UniqueIdentifier>{771b621e-ae3b-474c-b610-ddc16a0a360f}</UniqueIdentifier>
    </Filter>
    <Filter Include="2DFramework\singletonBase">
      <UniqueIdentifier>{39a0cede-90e4-4e9a-bd8c-8466c02fcc50}</UniqueIdentifier>
    </Filter>
    <Filter Include="PlayGround">
      <UniqueIdentifier>{e37d5369-ec86-4a52-8402-8a314525fb73}</UniqueIdentifier>
    </Filter>
    <Filter Include="2DFramework\Manager">
      <UniqueIdentifier>{793f1ed7-4eab-4a98-beb1-b6c6e0c4a84d}</UniqueIdentifier>
    </Filter>
    <Filter Include="2DFramework\image">
      <UniqueIdentifier>{c62ccf59-8b92-4322-a311-2b974dd6a54c}</UniqueIdentifier>
    </Filter>
    <Filter Include="리소스 파일">
      <UniqueIdentifier>{67DA6AB6-F800-4c08-8B7A-83BB121AAD01}</UniqueIdentifier>
      <Extensions>rc;ico;cur;bmp;dlg;rc2;rct;bin;rgs;gif;jpg;jpeg;jpe;resx;tiff;tif;png;wav;mfcribbon-ms</Extensions>
    </Filter>
    <Filter Include="2DFramework\progressBar">
      <UniqueIdentifier>{131d8384-2305-4f91-9eb9-416cbfaa3e49}</UniqueIdentifier>
    </Filter>
    <Filter Include="2DFramework\Timer">
      <UniqueIdentifier>{72124606-8050-45c3-ae12-ed9db2dbbe34}</UniqueIdentifier>
    </Filter>
    <Filter Include="2DFramework\animation">
      <UniqueIdentifier>{514037f8-8d44-4576-bf4f-edde874f8e40}</UniqueIdentifier>
    </Filter>
    <Filter Include="2DFramework\button">
      <UniqueIdentifier>{da32caab-0f28-47e9-aacd-ff92bf32a846}</UniqueIdentifier>
    </Filter>
    <Filter Include="2DFramework\action">
      <UniqueIdentifier>{29ce7e2b-17af-439c-a519-f3ca2bf12ff1}</UniqueIdentifier>
    </Filter>
    <Filter Include="PlayGround\map">
      <UniqueIdentifier>{bd2d1551-957f-4d82-ab0b-f79e6901650b}</UniqueIdentifier>
    </Filter>
    <Filter Include="2DFramework\Astar">
      <UniqueIdentifier>{b138a597-909f-472c-9327-199aecf80f8d}</UniqueIdentifier>
    </Filter>
    <Filter Include="2DFramework\effect">
      <UniqueIdentifier>{1497c339-d08f-4b64-9e19-b16152087cca}</UniqueIdentifier>
    </Filter>
    <Filter Include="scene">
      <UniqueIdentifier>{f1eebd98-396b-486d-9c71-6a208d49a38d}</UniqueIdentifier>
    </Filter>
    <Filter Include="PlayGround\resource">
      <UniqueIdentifier>{b78b4e34-efad-4802-abb7-e0c94e197be9}</UniqueIdentifier>
    </Filter>
    <Filter Include="PlayGround\tribute">
      <UniqueIdentifier>{7865f11f-7963-4556-b28f-c3438ced4910}</UniqueIdentifier>
    </Filter>
    <Filter Include="PlayGround\unit">
      <UniqueIdentifier>{702e7b4b-6700-444f-bced-bccd24258aaa}</UniqueIdentifier>
    </Filter>
    <Filter Include="PlayGround\unit\workMan">
      <UniqueIdentifier>{c15af705-dc79-44df-a5b0-b1cb337f3c82}</UniqueIdentifier>
    </Filter>
    <Filter Include="PlayGround\unit\state">
      <UniqueIdentifier>{b910661f-b059-4049-91a1-a8f69c2fc825}</UniqueIdentifier>
    </Filter>
    <Filter Include="PlayGround\player">
      <UniqueIdentifier>{7bb18302-3df9-4496-8d68-08e1886e1024}</UniqueIdentifier>
    </Filter>
    <Filter Include="PlayGround\player\command">
      <UniqueIdentifier>{91290147-8f5d-43d8-b2bb-91ee79302651}</UniqueIdentifier>
    </Filter>
    <Filter Include="PlayGround\unit\state\stateHeader">
      <UniqueIdentifier>{8bfdb5e3-627b-4632-b96b-6ccf09c16f80}</UniqueIdentifier>
    </Filter>
    <Filter Include="PlayGround\unit\state\stateCpp">
      <UniqueIdentifier>{52b58105-5605-4812-9466-f1288d479212}</UniqueIdentifier>
    </Filter>
    <Filter Include="PlayGround\unit\behavier">
      <UniqueIdentifier>{496d2e4c-51b7-4691-9207-75f76f927883}</UniqueIdentifier>
    </Filter>
    <Filter Include="PlayGround\unit\behavier\attack">
      <UniqueIdentifier>{efe87dd4-5365-434b-83b6-92909d21986f}</UniqueIdentifier>
    </Filter>
    <Filter Include="PlayGround\unit\behavier\magic">
      <UniqueIdentifier>{1fe5357b-0028-40cb-bf35-edb7f618ce74}</UniqueIdentifier>
    </Filter>
    <Filter Include="PlayGround\unit\behavier\move">
      <UniqueIdentifier>{ebf2e840-6543-4b92-b2b1-b5a7cb79c837}</UniqueIdentifier>
    </Filter>
    <Filter Include="PlayGround\unit\behavier\harvest">
      <UniqueIdentifier>{d1394ecb-3046-424e-a27e-70d299a91a3a}</UniqueIdentifier>
    </Filter>
    <Filter Include="PlayGround\unit\behavier\build">
      <UniqueIdentifier>{2913cf1c-06ad-47f9-846a-f8e337762609}</UniqueIdentifier>
    </Filter>
  </ItemGroup>
  <ItemGroup>
    <ClInclude Include="stdafx.h">
      <Filter>헤더 파일</Filter>
    </ClInclude>
    <ClInclude Include="targetver.h">
      <Filter>헤더 파일</Filter>
    </ClInclude>
    <ClInclude Include="Resource.h">
      <Filter>헤더 파일</Filter>
    </ClInclude>
    <ClInclude Include="commonMacroFunction.h">
      <Filter>헤더 파일</Filter>
    </ClInclude>
    <ClInclude Include="singletonBase.h">
      <Filter>2DFramework\singletonBase</Filter>
    </ClInclude>
    <ClInclude Include="randomFunction.h">
      <Filter>헤더 파일</Filter>
    </ClInclude>
    <ClInclude Include="playGround.h">
      <Filter>PlayGround</Filter>
    </ClInclude>
    <ClInclude Include="image.h">
      <Filter>2DFramework\image</Filter>
    </ClInclude>
    <ClInclude Include="progressBar.h">
      <Filter>2DFramework\progressBar</Filter>
    </ClInclude>
    <ClInclude Include="timer.h">
      <Filter>2DFramework\Timer</Filter>
    </ClInclude>
    <ClInclude Include="animation.h">
      <Filter>2DFramework\animation</Filter>
    </ClInclude>
    <ClInclude Include="gameNode.h">
      <Filter>2DFramework</Filter>
    </ClInclude>
    <ClInclude Include="button.h">
      <Filter>2DFramework\button</Filter>
    </ClInclude>
    <ClInclude Include="action.h">
      <Filter>2DFramework\action</Filter>
    </ClInclude>
    <ClInclude Include="mapTool.h">
      <Filter>PlayGround\map</Filter>
    </ClInclude>
    <ClInclude Include="tile.h">
      <Filter>PlayGround\map</Filter>
    </ClInclude>
    <ClInclude Include="camera.h">
      <Filter>PlayGround</Filter>
    </ClInclude>
    <ClInclude Include="aStar.h">
      <Filter>2DFramework\Astar</Filter>
    </ClInclude>
    <ClInclude Include="map.h">
      <Filter>PlayGround\map</Filter>
    </ClInclude>
    <ClInclude Include="object.h">
      <Filter>PlayGround</Filter>
    </ClInclude>
    <ClInclude Include="imageManager.h">
      <Filter>2DFramework\Manager</Filter>
    </ClInclude>
    <ClInclude Include="keyAniManager.h">
      <Filter>2DFramework\Manager</Filter>
    </ClInclude>
    <ClInclude Include="keyManager.h">
      <Filter>2DFramework\Manager</Filter>
    </ClInclude>
    <ClInclude Include="sceneManager.h">
      <Filter>2DFramework\Manager</Filter>
    </ClInclude>
    <ClInclude Include="soundManager.h">
      <Filter>2DFramework\Manager</Filter>
    </ClInclude>
    <ClInclude Include="timeManager.h">
      <Filter>2DFramework\Manager</Filter>
    </ClInclude>
    <ClInclude Include="utils.h">
      <Filter>2DFramework\Manager</Filter>
    </ClInclude>
    <ClInclude Include="effect.h">
      <Filter>2DFramework\effect</Filter>
    </ClInclude>
    <ClInclude Include="effectManager.h">
      <Filter>2DFramework\Manager</Filter>
    </ClInclude>
    <ClInclude Include="FrameWork.h">
      <Filter>헤더 파일</Filter>
    </ClInclude>
    <ClInclude Include="mapCreateScene.h">
      <Filter>scene</Filter>
    </ClInclude>
    <ClInclude Include="goldMine.h">
      <Filter>PlayGround\resource</Filter>
    </ClInclude>
    <ClInclude Include="tree.h">
      <Filter>PlayGround\resource</Filter>
    </ClInclude>
    <ClInclude Include="oliPatch.h">
      <Filter>PlayGround\resource</Filter>
    </ClInclude>
    <ClInclude Include="triBute.h">
      <Filter>PlayGround\tribute</Filter>
    </ClInclude>
    <ClInclude Include="unit.h">
      <Filter>PlayGround\unit</Filter>
    </ClInclude>
    <ClInclude Include="workMan.h">
      <Filter>PlayGround\unit\workMan</Filter>
    </ClInclude>
    <ClInclude Include="coverScene.h">
      <Filter>scene</Filter>
    </ClInclude>
    <ClInclude Include="mainMenuScene.h">
      <Filter>scene</Filter>
    </ClInclude>
    <ClInclude Include="scrollButton.h">
      <Filter>2DFramework\button</Filter>
    </ClInclude>
    <ClInclude Include="command.h">
      <Filter>PlayGround\player\command</Filter>
    </ClInclude>
    <ClInclude Include="stopCommand.h">
      <Filter>PlayGround\player\command</Filter>
    </ClInclude>
    <ClInclude Include="player.h">
      <Filter>PlayGround\player</Filter>
    </ClInclude>
    <ClInclude Include="resources.h">
      <Filter>PlayGround\resource</Filter>
    </ClInclude>
    <ClInclude Include="state.h">
      <Filter>PlayGround\unit\state\stateHeader</Filter>
    </ClInclude>
    <ClInclude Include="state_AttackMove.h">
      <Filter>PlayGround\unit\state\stateHeader</Filter>
    </ClInclude>
    <ClInclude Include="state_hold.h">
      <Filter>PlayGround\unit\state\stateHeader</Filter>
    </ClInclude>
    <ClInclude Include="state_idle.h">
      <Filter>PlayGround\unit\state\stateHeader</Filter>
    </ClInclude>
    <ClInclude Include="state_Patrol.h">
      <Filter>PlayGround\unit\state\stateHeader</Filter>
    </ClInclude>
    <ClInclude Include="state_special.h">
      <Filter>PlayGround\unit\state\stateHeader</Filter>
    </ClInclude>
    <ClInclude Include="state_Attack.h">
      <Filter>PlayGround\unit\state\stateHeader</Filter>
    </ClInclude>
    <ClInclude Include="state_move.h">
      <Filter>PlayGround\unit\state\stateHeader</Filter>
    </ClInclude>
    <ClInclude Include="behavier_Attack_Standard.h">
      <Filter>PlayGround\unit\behavier\attack</Filter>
    </ClInclude>
    <ClInclude Include="behavier.h">
      <Filter>PlayGround\unit\behavier</Filter>
    </ClInclude>
    <ClInclude Include="behavier_Move_Fly.h">
      <Filter>PlayGround\unit\behavier\move</Filter>
    </ClInclude>
    <ClInclude Include="behavier_Move.h">
      <Filter>PlayGround\unit\behavier\move</Filter>
    </ClInclude>
    <ClInclude Include="behavier_Move_Walk.h">
      <Filter>PlayGround\unit\behavier\move</Filter>
    </ClInclude>
    <ClInclude Include="behavier_None.h">
      <Filter>PlayGround\unit\behavier</Filter>
    </ClInclude>
    <ClInclude Include="behavier_Harvest.h">
      <Filter>PlayGround\unit\behavier\harvest</Filter>
    </ClInclude>
    <ClInclude Include="behavier_Harvest_Ship.h">
      <Filter>PlayGround\unit\behavier\harvest</Filter>
    </ClInclude>
    <ClInclude Include="behavier_Harvest_WorkMan.h">
      <Filter>PlayGround\unit\behavier\harvest</Filter>
    </ClInclude>
    <ClInclude Include="behavier_magic.h">
      <Filter>PlayGround\unit\behavier\magic</Filter>
    </ClInclude>
    <ClInclude Include="gameScene.h">
      <Filter>scene</Filter>
    </ClInclude>
    <ClInclude Include="resourceMgr.h">
      <Filter>PlayGround\resource</Filter>
    </ClInclude>
    <ClInclude Include="unitMGr.h">
      <Filter>PlayGround\unit</Filter>
    </ClInclude>
  </ItemGroup>
  <ItemGroup>
    <ClCompile Include="stdafx.cpp">
      <Filter>소스 파일</Filter>
    </ClCompile>
    <ClCompile Include="windowsAPI.cpp">
      <Filter>소스 파일</Filter>
    </ClCompile>
    <ClCompile Include="gameNode.cpp">
      <Filter>2DFramework</Filter>
    </ClCompile>
    <ClCompile Include="playGround.cpp">
      <Filter>PlayGround</Filter>
    </ClCompile>
    <ClCompile Include="image.cpp">
      <Filter>2DFramework\image</Filter>
    </ClCompile>
    <ClCompile Include="progressBar.cpp">
      <Filter>2DFramework\progressBar</Filter>
    </ClCompile>
    <ClCompile Include="timer.cpp">
      <Filter>2DFramework\Timer</Filter>
    </ClCompile>
    <ClCompile Include="animation.cpp">
      <Filter>2DFramework\animation</Filter>
    </ClCompile>
    <ClCompile Include="button.cpp">
      <Filter>2DFramework\button</Filter>
    </ClCompile>
    <ClCompile Include="action.cpp">
      <Filter>2DFramework\action</Filter>
    </ClCompile>
    <ClCompile Include="tile.cpp">
      <Filter>PlayGround\map</Filter>
    </ClCompile>
    <ClCompile Include="mapTool.cpp">
      <Filter>PlayGround\map</Filter>
    </ClCompile>
    <ClCompile Include="camera.cpp">
      <Filter>PlayGround</Filter>
    </ClCompile>
    <ClCompile Include="aStar.cpp">
      <Filter>2DFramework\Astar</Filter>
    </ClCompile>
    <ClCompile Include="map.cpp">
      <Filter>PlayGround\map</Filter>
    </ClCompile>
    <ClCompile Include="object.cpp">
      <Filter>PlayGround</Filter>
    </ClCompile>
    <ClCompile Include="imageManager.cpp">
      <Filter>2DFramework\Manager</Filter>
    </ClCompile>
    <ClCompile Include="keyAniManager.cpp">
      <Filter>2DFramework\Manager</Filter>
    </ClCompile>
    <ClCompile Include="keyManager.cpp">
      <Filter>2DFramework\Manager</Filter>
    </ClCompile>
    <ClCompile Include="sceneManager.cpp">
      <Filter>2DFramework\Manager</Filter>
    </ClCompile>
    <ClCompile Include="soundManager.cpp">
      <Filter>2DFramework\Manager</Filter>
    </ClCompile>
    <ClCompile Include="timeManager.cpp">
      <Filter>2DFramework\Manager</Filter>
    </ClCompile>
    <ClCompile Include="utils.cpp">
      <Filter>2DFramework\Manager</Filter>
    </ClCompile>
    <ClCompile Include="effect.cpp">
      <Filter>2DFramework\effect</Filter>
    </ClCompile>
    <ClCompile Include="effectManager.cpp">
      <Filter>2DFramework\Manager</Filter>
    </ClCompile>
    <ClCompile Include="mapCreateScene.cpp">
      <Filter>scene</Filter>
    </ClCompile>
    <ClCompile Include="goldMine.cpp">
      <Filter>PlayGround\resource</Filter>
    </ClCompile>
    <ClCompile Include="tree.cpp">
      <Filter>PlayGround\resource</Filter>
    </ClCompile>
    <ClCompile Include="oliPatch.cpp">
      <Filter>PlayGround\resource</Filter>
    </ClCompile>
    <ClCompile Include="unit.cpp">
      <Filter>PlayGround\unit</Filter>
    </ClCompile>
    <ClCompile Include="workMan.cpp">
      <Filter>PlayGround\unit\workMan</Filter>
    </ClCompile>
    <ClCompile Include="coverScene.cpp">
      <Filter>scene</Filter>
    </ClCompile>
    <ClCompile Include="mainMenuScene.cpp">
      <Filter>scene</Filter>
    </ClCompile>
    <ClCompile Include="scrollButton.cpp">
      <Filter>2DFramework\button</Filter>
    </ClCompile>
    <ClCompile Include="state_Patrol.cpp">
      <Filter>PlayGround\unit\state\stateCpp</Filter>
    </ClCompile>
    <ClCompile Include="state_AttackMove.cpp">
      <Filter>PlayGround\unit\state\stateCpp</Filter>
    </ClCompile>
    <ClCompile Include="state_hold.cpp">
      <Filter>PlayGround\unit\state\stateCpp</Filter>
    </ClCompile>
    <ClCompile Include="state_move.cpp">
      <Filter>PlayGround\unit\state\stateCpp</Filter>
    </ClCompile>
    <ClCompile Include="state_idle.cpp">
      <Filter>PlayGround\unit\state\stateCpp</Filter>
    </ClCompile>
    <ClCompile Include="resources.cpp">
      <Filter>PlayGround\resource</Filter>
    </ClCompile>
    <ClCompile Include="state_special.cpp">
      <Filter>PlayGround\unit\state\stateCpp</Filter>
    </ClCompile>
    <ClCompile Include="state_Attack.cpp">
      <Filter>PlayGround\unit\state\stateCpp</Filter>
    </ClCompile>
    <ClCompile Include="state.cpp">
      <Filter>PlayGround\unit\state\stateCpp</Filter>
    </ClCompile>
    <ClCompile Include="behavier_Attack_Standard.cpp">
      <Filter>PlayGround\unit\behavier\attack</Filter>
    </ClCompile>
    <ClCompile Include="behavier_Move_Fly.cpp">
      <Filter>PlayGround\unit\behavier\move</Filter>
    </ClCompile>
    <ClCompile Include="behavier_Move_Walk.cpp">
      <Filter>PlayGround\unit\behavier\move</Filter>
    </ClCompile>
    <ClCompile Include="behavier_None.cpp">
      <Filter>PlayGround\unit\behavier</Filter>
    </ClCompile>
    <ClCompile Include="behavier_Harvest_WorkMan.cpp">
      <Filter>PlayGround\unit\behavier\harvest</Filter>
    </ClCompile>
    <ClCompile Include="behavier_Harvest_Ship.cpp">
      <Filter>PlayGround\unit\behavier\harvest</Filter>
    </ClCompile>
    <ClCompile Include="gameScene.cpp">
      <Filter>scene</Filter>
    </ClCompile>
    <ClCompile Include="resourceMgr.cpp">
      <Filter>PlayGround\resource</Filter>
    </ClCompile>
    <ClCompile Include="player.cpp">
      <Filter>PlayGround\player</Filter>
    </ClCompile>
    <ClCompile Include="unitMGr.cpp">
      <Filter>PlayGround\unit</Filter>
    </ClCompile>
  </ItemGroup>
  <ItemGroup>
    <ResourceCompile Include="windowsAPI.rc">
      <Filter>리소스 파일</Filter>
    </ResourceCompile>
  </ItemGroup>
  <ItemGroup>
    <Image Include="small.ico">
      <Filter>리소스 파일</Filter>
    </Image>
    <Image Include="windowsAPI.ico">
      <Filter>리소스 파일</Filter>
    </Image>
  </ItemGroup>
  <ItemGroup>
    <Text Include="save01.txt">
      <Filter>리소스 파일</Filter>
    </Text>
  </ItemGroup>
  <ItemGroup>
    <None Include="map01.map">
      <Filter>리소스 파일</Filter>
    </None>
  </ItemGroup>
</Project>